version = 1
requires-python = ">=3.8.0"
resolution-markers = [
    "python_full_version < '3.11'",
    "python_full_version == '3.11.*'",
    "python_full_version >= '3.12'",
]

[[package]]
name = "astroid"
version = "3.2.4"
source = { registry = "https://pypi.org/simple" }
dependencies = [
    { name = "typing-extensions", marker = "python_full_version < '3.11'" },
]
sdist = { url = "https://files.pythonhosted.org/packages/9e/53/1067e1113ecaf58312357f2cd93063674924119d80d173adc3f6f2387aa2/astroid-3.2.4.tar.gz", hash = "sha256:0e14202810b30da1b735827f78f5157be2bbd4a7a59b7707ca0bfc2fb4c0063a", size = 397576 }
wheels = [
    { url = "https://files.pythonhosted.org/packages/80/96/b32bbbb46170a1c8b8b1f28c794202e25cfe743565e9d3469b8eb1e0cc05/astroid-3.2.4-py3-none-any.whl", hash = "sha256:413658a61eeca6202a59231abb473f932038fbcbf1666587f66d482083413a25", size = 276348 },
]

[[package]]
name = "colorama"
version = "0.4.6"
source = { registry = "https://pypi.org/simple" }
sdist = { url = "https://files.pythonhosted.org/packages/d8/53/6f443c9a4a8358a93a6792e2acffb9d9d5cb0a5cfd8802644b7b1c9a02e4/colorama-0.4.6.tar.gz", hash = "sha256:08695f5cb7ed6e0531a20572697297273c47b8cae5a63ffc6d6ed5c201be6e44", size = 27697 }
wheels = [
    { url = "https://files.pythonhosted.org/packages/d1/d6/3965ed04c63042e047cb6a3e6ed1a63a35087b6a609aa3a15ed8ac56c221/colorama-0.4.6-py2.py3-none-any.whl", hash = "sha256:4f1d9991f5acc0ca119f9d443620b77f9d6b33703e51011c16baf57afb285fc6", size = 25335 },
]

[[package]]
name = "coverage"
version = "7.5.3"
source = { registry = "https://pypi.org/simple" }
sdist = { url = "https://files.pythonhosted.org/packages/6c/a5/62ae2dc1850feabb74207a422d00893f451ee0950e52792eb208970a30b1/coverage-7.5.3.tar.gz", hash = "sha256:04aefca5190d1dc7a53a4c1a5a7f8568811306d7a8ee231c42fb69215571944f", size = 786184 }
wheels = [
    { url = "https://files.pythonhosted.org/packages/c1/c5/2636e073f656ccda6a6bffbc5b1803c4d64075dedaae176b7a616278f68d/coverage-7.5.3-cp310-cp310-macosx_10_9_x86_64.whl", hash = "sha256:a6519d917abb15e12380406d721e37613e2a67d166f9fb7e5a8ce0375744cd45", size = 204148 },
    { url = "https://files.pythonhosted.org/packages/f3/7a/8cb117c4d51f599d797e626fa7ac85d1572fb8d98e746eb5c1465af168f3/coverage-7.5.3-cp310-cp310-macosx_11_0_arm64.whl", hash = "sha256:aea7da970f1feccf48be7335f8b2ca64baf9b589d79e05b9397a06696ce1a1ec", size = 204628 },
    { url = "https://files.pythonhosted.org/packages/ca/70/1647300bf3a2517125a5d851470174323c1fead93c53208d755a2f4b1618/coverage-7.5.3-cp310-cp310-manylinux_2_17_aarch64.manylinux2014_aarch64.whl", hash = "sha256:923b7b1c717bd0f0f92d862d1ff51d9b2b55dbbd133e05680204465f454bb286", size = 232517 },
    { url = "https://files.pythonhosted.org/packages/80/97/47151c4a3a664146a76649c8184afd5e26fa156c104443def877f5e06b75/coverage-7.5.3-cp310-cp310-manylinux_2_5_i686.manylinux1_i686.manylinux_2_17_i686.manylinux2014_i686.whl", hash = "sha256:62bda40da1e68898186f274f832ef3e759ce929da9a9fd9fcf265956de269dbc", size = 230797 },
    { url = "https://files.pythonhosted.org/packages/10/77/9d65122b73f2cfa14744286adc3c1f88bdef49ffd628076429ae59e8fa21/coverage-7.5.3-cp310-cp310-manylinux_2_5_x86_64.manylinux1_x86_64.manylinux_2_17_x86_64.manylinux2014_x86_64.whl", hash = "sha256:d8b7339180d00de83e930358223c617cc343dd08e1aa5ec7b06c3a121aec4e1d", size = 231590 },
    { url = "https://files.pythonhosted.org/packages/42/c7/d4a0b38a9e70f5864b01a7aae430078e326ea73c435e1166f58c1abe4ff9/coverage-7.5.3-cp310-cp310-musllinux_1_1_aarch64.whl", hash = "sha256:25a5caf742c6195e08002d3b6c2dd6947e50efc5fc2c2205f61ecb47592d2d83", size = 237657 },
    { url = "https://files.pythonhosted.org/packages/c2/5a/a1cfd01f864763ac356c4029c5ee24943460c1d6e66017dce543eef9415b/coverage-7.5.3-cp310-cp310-musllinux_1_1_i686.whl", hash = "sha256:05ac5f60faa0c704c0f7e6a5cbfd6f02101ed05e0aee4d2822637a9e672c998d", size = 235849 },
    { url = "https://files.pythonhosted.org/packages/1f/c1/6ad06fc6fc7ee68bcdb242c237adb2fd580db23aa65a6745320f43b5ae9c/coverage-7.5.3-cp310-cp310-musllinux_1_1_x86_64.whl", hash = "sha256:239a4e75e09c2b12ea478d28815acf83334d32e722e7433471fbf641c606344c", size = 237033 },
    { url = "https://files.pythonhosted.org/packages/e3/fe/fce5a3139fd50c168a7c46624d52dffb1a3a21652e71c3f963a829b1c1d4/coverage-7.5.3-cp310-cp310-win32.whl", hash = "sha256:a5812840d1d00eafae6585aba38021f90a705a25b8216ec7f66aebe5b619fb84", size = 206515 },
    { url = "https://files.pythonhosted.org/packages/bc/a6/65a534068389098e248836193a663d512d0806e1a1f9f1114466585d4dcc/coverage-7.5.3-cp310-cp310-win_amd64.whl", hash = "sha256:33ca90a0eb29225f195e30684ba4a6db05dbef03c2ccd50b9077714c48153cac", size = 207352 },
    { url = "https://files.pythonhosted.org/packages/8c/77/6fb0a12edb21c02541a8fa59c5c51fb49f929b03aa9c773478136440b521/coverage-7.5.3-cp311-cp311-macosx_10_9_x86_64.whl", hash = "sha256:f81bc26d609bf0fbc622c7122ba6307993c83c795d2d6f6f6fd8c000a770d974", size = 204256 },
    { url = "https://files.pythonhosted.org/packages/0c/7a/9beb9fb10c3918d1bd17e15f5da4b099c877f74194881862bdde59d3ec3b/coverage-7.5.3-cp311-cp311-macosx_11_0_arm64.whl", hash = "sha256:7cec2af81f9e7569280822be68bd57e51b86d42e59ea30d10ebdbb22d2cb7232", size = 204741 },
    { url = "https://files.pythonhosted.org/packages/1c/72/bb1d787e91e34694cbc1087eba5e2ed69f093044e92e6f19a5db3c252605/coverage-7.5.3-cp311-cp311-manylinux_2_17_aarch64.manylinux2014_aarch64.whl", hash = "sha256:55f689f846661e3f26efa535071775d0483388a1ccfab899df72924805e9e7cd", size = 236169 },
    { url = "https://files.pythonhosted.org/packages/87/dd/3d5f1ca010d3853b530f73d16d575bdaad1302466f9ad9c5197d6dbc3c72/coverage-7.5.3-cp311-cp311-manylinux_2_5_i686.manylinux1_i686.manylinux_2_17_i686.manylinux2014_i686.whl", hash = "sha256:50084d3516aa263791198913a17354bd1dc627d3c1639209640b9cac3fef5807", size = 233743 },
    { url = "https://files.pythonhosted.org/packages/9c/38/d8d6616b3c5da0b6d6ab99a0141f8ba80e979596b360196240c96a67ac11/coverage-7.5.3-cp311-cp311-manylinux_2_5_x86_64.manylinux1_x86_64.manylinux_2_17_x86_64.manylinux2014_x86_64.whl", hash = "sha256:341dd8f61c26337c37988345ca5c8ccabeff33093a26953a1ac72e7d0103c4fb", size = 235441 },
    { url = "https://files.pythonhosted.org/packages/7b/88/e575fa69f859a1bd6d6cdc9b9d965d135be9cef893ef7e01e237142b6bcb/coverage-7.5.3-cp311-cp311-musllinux_1_1_aarch64.whl", hash = "sha256:ab0b028165eea880af12f66086694768f2c3139b2c31ad5e032c8edbafca6ffc", size = 244538 },
    { url = "https://files.pythonhosted.org/packages/f7/7b/c7b26c4824a58ef4511cd314e816b53573fbb25dc987c20a5bed6d44926b/coverage-7.5.3-cp311-cp311-musllinux_1_1_i686.whl", hash = "sha256:5bc5a8c87714b0c67cfeb4c7caa82b2d71e8864d1a46aa990b5588fa953673b8", size = 242915 },
    { url = "https://files.pythonhosted.org/packages/8c/1d/45299174011063aa2fcfe1dc4a25aae2722decf611fb0ee38fab4d18f62e/coverage-7.5.3-cp311-cp311-musllinux_1_1_x86_64.whl", hash = "sha256:38a3b98dae8a7c9057bd91fbf3415c05e700a5114c5f1b5b0ea5f8f429ba6614", size = 243994 },
    { url = "https://files.pythonhosted.org/packages/65/f6/debe265565e253663dbe6ab49ab4422f16849b09276e43858b54b68037e4/coverage-7.5.3-cp311-cp311-win32.whl", hash = "sha256:fcf7d1d6f5da887ca04302db8e0e0cf56ce9a5e05f202720e49b3e8157ddb9a9", size = 206517 },
    { url = "https://files.pythonhosted.org/packages/3d/63/2d9474c5d2bc866309728de71cbd5fbf64824de88f8a35c8a76a7e658ac4/coverage-7.5.3-cp311-cp311-win_amd64.whl", hash = "sha256:8c836309931839cca658a78a888dab9676b5c988d0dd34ca247f5f3e679f4e7a", size = 207455 },
    { url = "https://files.pythonhosted.org/packages/a7/d0/13db7cfb493bfe778d76272cbc5feb5f6823395098c95a034ff948e92e6a/coverage-7.5.3-cp312-cp312-macosx_10_9_x86_64.whl", hash = "sha256:296a7d9bbc598e8744c00f7a6cecf1da9b30ae9ad51c566291ff1314e6cbbed8", size = 204464 },
    { url = "https://files.pythonhosted.org/packages/01/ab/6851d4be3a6b84ae094c7f0b1ffdfbea1ab4c8baec7caeb0fbf4bea4c386/coverage-7.5.3-cp312-cp312-macosx_11_0_arm64.whl", hash = "sha256:34d6d21d8795a97b14d503dcaf74226ae51eb1f2bd41015d3ef332a24d0a17b3", size = 204735 },
    { url = "https://files.pythonhosted.org/packages/9f/04/59e823c1a280e87418ffa4b25ce26c7a096615a71d49fa895df458e603c0/coverage-7.5.3-cp312-cp312-manylinux_2_17_aarch64.manylinux2014_aarch64.whl", hash = "sha256:8e317953bb4c074c06c798a11dbdd2cf9979dbcaa8ccc0fa4701d80042d4ebf1", size = 237047 },
    { url = "https://files.pythonhosted.org/packages/1c/7d/912c3d3e26b6dfeff59fc95870ef04b0c1c6d485d9b35f44e0ee60ec0710/coverage-7.5.3-cp312-cp312-manylinux_2_5_i686.manylinux1_i686.manylinux_2_17_i686.manylinux2014_i686.whl", hash = "sha256:705f3d7c2b098c40f5b81790a5fedb274113373d4d1a69e65f8b68b0cc26f6db", size = 234415 },
    { url = "https://files.pythonhosted.org/packages/0e/39/c44111cfc5e40fc1681a41b96911fba6560b51172b59c204b08b75d58495/coverage-7.5.3-cp312-cp312-manylinux_2_5_x86_64.manylinux1_x86_64.manylinux_2_17_x86_64.manylinux2014_x86_64.whl", hash = "sha256:b1196e13c45e327d6cd0b6e471530a1882f1017eb83c6229fc613cd1a11b53cd", size = 236350 },
    { url = "https://files.pythonhosted.org/packages/e5/d8/1fa23613b995a6c20087ccb9159e8ba881b17ba68ca0f684ef034e5493bf/coverage-7.5.3-cp312-cp312-musllinux_1_1_aarch64.whl", hash = "sha256:015eddc5ccd5364dcb902eaecf9515636806fa1e0d5bef5769d06d0f31b54523", size = 243293 },
    { url = "https://files.pythonhosted.org/packages/61/fa/a72c9a328e578f095b95b0eeb96334f3cfa0b76a4057c7217ea96a55b749/coverage-7.5.3-cp312-cp312-musllinux_1_1_i686.whl", hash = "sha256:fd27d8b49e574e50caa65196d908f80e4dff64d7e592d0c59788b45aad7e8b35", size = 241194 },
    { url = "https://files.pythonhosted.org/packages/48/f4/61b6e74aca0105ce12c38dd180eb4b5084695810bf2b53cd758ce845cec0/coverage-7.5.3-cp312-cp312-musllinux_1_1_x86_64.whl", hash = "sha256:33fc65740267222fc02975c061eb7167185fef4cc8f2770267ee8bf7d6a42f84", size = 242936 },
    { url = "https://files.pythonhosted.org/packages/ee/73/3682ffb23c3cf323b88d670af7f2001b31bcaa250c7eeab3220f2adb1721/coverage-7.5.3-cp312-cp312-win32.whl", hash = "sha256:7b2a19e13dfb5c8e145c7a6ea959485ee8e2204699903c88c7d25283584bfc08", size = 206771 },
    { url = "https://files.pythonhosted.org/packages/d8/86/a12c544cfa2ba5265f3bafa15283fe9e99aa773db216b6da94085cb48529/coverage-7.5.3-cp312-cp312-win_amd64.whl", hash = "sha256:0bbddc54bbacfc09b3edaec644d4ac90c08ee8ed4844b0f86227dcda2d428fcb", size = 207598 },
    { url = "https://files.pythonhosted.org/packages/8b/c4/b8bef0ab6d950f3eb398afa2d99cb28d3fb846a043d3e92880336870b076/coverage-7.5.3-cp38-cp38-macosx_10_9_x86_64.whl", hash = "sha256:f78300789a708ac1f17e134593f577407d52d0417305435b134805c4fb135adb", size = 204118 },
    { url = "https://files.pythonhosted.org/packages/c8/a7/e590f15018ea15ba9eab4fd5727e4481b46c733b92566bd1e03c448d002f/coverage-7.5.3-cp38-cp38-macosx_11_0_arm64.whl", hash = "sha256:b368e1aee1b9b75757942d44d7598dcd22a9dbb126affcbba82d15917f0cc155", size = 204610 },
    { url = "https://files.pythonhosted.org/packages/84/35/93175835425eb07001b81eb8cffdd7128ca12b9e0942c7c6b64f4410c7b6/coverage-7.5.3-cp38-cp38-manylinux_2_17_aarch64.manylinux2014_aarch64.whl", hash = "sha256:f836c174c3a7f639bded48ec913f348c4761cbf49de4a20a956d3431a7c9cb24", size = 233646 },
    { url = "https://files.pythonhosted.org/packages/ee/bd/c267575a24a9e5829f7880805f2693ae6b06aeab79835d8ba00c4f393efa/coverage-7.5.3-cp38-cp38-manylinux_2_5_i686.manylinux1_i686.manylinux_2_17_i686.manylinux2014_i686.whl", hash = "sha256:244f509f126dc71369393ce5fea17c0592c40ee44e607b6d855e9c4ac57aac98", size = 231479 },
    { url = "https://files.pythonhosted.org/packages/c6/36/a5779c4bce00f481ee7b3a18b25397261008af6aa0d4eacdc81a5f27d1d6/coverage-7.5.3-cp38-cp38-manylinux_2_5_x86_64.manylinux1_x86_64.manylinux_2_17_x86_64.manylinux2014_x86_64.whl", hash = "sha256:c4c2872b3c91f9baa836147ca33650dc5c172e9273c808c3c3199c75490e709d", size = 232724 },
    { url = "https://files.pythonhosted.org/packages/d8/ab/ffbd1c5299c65765c1035c2d06ac765161ff169108f4a0eec58aa45c880b/coverage-7.5.3-cp38-cp38-musllinux_1_1_aarch64.whl", hash = "sha256:dd4b3355b01273a56b20c219e74e7549e14370b31a4ffe42706a8cda91f19f6d", size = 238600 },
    { url = "https://files.pythonhosted.org/packages/92/58/35390178ede0daf35ca688c7ee3bab98b2f727863c286d5993979876098c/coverage-7.5.3-cp38-cp38-musllinux_1_1_i686.whl", hash = "sha256:f542287b1489c7a860d43a7d8883e27ca62ab84ca53c965d11dac1d3a1fab7ce", size = 237049 },
    { url = "https://files.pythonhosted.org/packages/ce/1a/6000c78c7f0944a4030675ef27f563494f0bf189bb0aa9147080a3db0de3/coverage-7.5.3-cp38-cp38-musllinux_1_1_x86_64.whl", hash = "sha256:75e3f4e86804023e991096b29e147e635f5e2568f77883a1e6eed74512659ab0", size = 237939 },
    { url = "https://files.pythonhosted.org/packages/9f/a5/2ce9cd5cd0cf7b068eb04c0ba919504737e38ec340f068f123d5f8523c75/coverage-7.5.3-cp38-cp38-win32.whl", hash = "sha256:c59d2ad092dc0551d9f79d9d44d005c945ba95832a6798f98f9216ede3d5f485", size = 206499 },
    { url = "https://files.pythonhosted.org/packages/e3/27/3b8ee8a2d96cf9f01a2add9bf100050878785aadc4c4bba5a67eb797dd95/coverage-7.5.3-cp38-cp38-win_amd64.whl", hash = "sha256:fa21a04112c59ad54f69d80e376f7f9d0f5f9123ab87ecd18fbb9ec3a2beed56", size = 207350 },
    { url = "https://files.pythonhosted.org/packages/57/99/ccb1e4f40688d793ac54407fc86d120c6816ae99b747b47d3e2cc1067457/coverage-7.5.3-cp39-cp39-macosx_10_9_x86_64.whl", hash = "sha256:f5102a92855d518b0996eb197772f5ac2a527c0ec617124ad5242a3af5e25f85", size = 204137 },
    { url = "https://files.pythonhosted.org/packages/65/af/3b0268da4cba77f3dda012bafe90b8cbf163713ac92b3cc237ff794bf277/coverage-7.5.3-cp39-cp39-macosx_11_0_arm64.whl", hash = "sha256:d1da0a2e3b37b745a2b2a678a4c796462cf753aebf94edcc87dcc6b8641eae31", size = 204617 },
    { url = "https://files.pythonhosted.org/packages/30/ab/701129bdffd493d59070b238238d25ad8882f4967d44f7a399833a5585ae/coverage-7.5.3-cp39-cp39-manylinux_2_17_aarch64.manylinux2014_aarch64.whl", hash = "sha256:8383a6c8cefba1b7cecc0149415046b6fc38836295bc4c84e820872eb5478b3d", size = 232118 },
    { url = "https://files.pythonhosted.org/packages/e7/10/ad84d019b8d72e92fb908a0524a190f7212062f89360099907b7a812dc65/coverage-7.5.3-cp39-cp39-manylinux_2_5_i686.manylinux1_i686.manylinux_2_17_i686.manylinux2014_i686.whl", hash = "sha256:9aad68c3f2566dfae84bf46295a79e79d904e1c21ccfc66de88cd446f8686341", size = 230408 },
    { url = "https://files.pythonhosted.org/packages/07/e0/0e30ca5c6c5bcae86df9583c30807ff26e0b991e76f266b81224410663e4/coverage-7.5.3-cp39-cp39-manylinux_2_5_x86_64.manylinux1_x86_64.manylinux_2_17_x86_64.manylinux2014_x86_64.whl", hash = "sha256:2e079c9ec772fedbade9d7ebc36202a1d9ef7291bc9b3a024ca395c4d52853d7", size = 231194 },
    { url = "https://files.pythonhosted.org/packages/93/3b/dbca2db3a60ed8543a0c815bf83875bf549e02fe6df4baa736216dfb33ae/coverage-7.5.3-cp39-cp39-musllinux_1_1_aarch64.whl", hash = "sha256:bde997cac85fcac227b27d4fb2c7608a2c5f6558469b0eb704c5726ae49e1c52", size = 237240 },
    { url = "https://files.pythonhosted.org/packages/3c/66/6f06c86471c79ebff4a300390b5fe1d3b2b9101995075e48d096092ddb6d/coverage-7.5.3-cp39-cp39-musllinux_1_1_i686.whl", hash = "sha256:990fb20b32990b2ce2c5f974c3e738c9358b2735bc05075d50a6f36721b8f303", size = 235435 },
    { url = "https://files.pythonhosted.org/packages/36/82/116efdd87a81ec86d4a4fbaf7f132dd6beb233c00b4d2374cf2981aaeecd/coverage-7.5.3-cp39-cp39-musllinux_1_1_x86_64.whl", hash = "sha256:3d5a67f0da401e105753d474369ab034c7bae51a4c31c77d94030d59e41df5bd", size = 236590 },
    { url = "https://files.pythonhosted.org/packages/83/86/e9bad290b5efacab5ef57abcf03ab72c60dd15b5d35e75432511bbe96557/coverage-7.5.3-cp39-cp39-win32.whl", hash = "sha256:e08c470c2eb01977d221fd87495b44867a56d4d594f43739a8028f8646a51e0d", size = 206528 },
    { url = "https://files.pythonhosted.org/packages/63/67/a38778e73b2dd90ce87aee064ebf2b73ac923c61cf594c6b2a50f3870c6b/coverage-7.5.3-cp39-cp39-win_amd64.whl", hash = "sha256:1d2a830ade66d3563bb61d1e3c77c8def97b30ed91e166c67d0632c018f380f0", size = 207380 },
    { url = "https://files.pythonhosted.org/packages/f6/c9/7953a450762a62abbaf0a65b67fe406b3b515a755139b3db662da441ac87/coverage-7.5.3-pp38.pp39.pp310-none-any.whl", hash = "sha256:3538d8fb1ee9bdd2e2692b3b18c22bb1c19ffbefd06880f5ac496e42d7bb3884", size = 196510 },
]

[[package]]
name = "dill"
version = "0.3.9"
source = { registry = "https://pypi.org/simple" }
sdist = { url = "https://files.pythonhosted.org/packages/70/43/86fe3f9e130c4137b0f1b50784dd70a5087b911fe07fa81e53e0c4c47fea/dill-0.3.9.tar.gz", hash = "sha256:81aa267dddf68cbfe8029c42ca9ec6a4ab3b22371d1c450abc54422577b4512c", size = 187000 }
wheels = [
    { url = "https://files.pythonhosted.org/packages/46/d1/e73b6ad76f0b1fb7f23c35c6d95dbc506a9c8804f43dda8cb5b0fa6331fd/dill-0.3.9-py3-none-any.whl", hash = "sha256:468dff3b89520b474c0397703366b7b95eebe6303f108adf9b19da1f702be87a", size = 119418 },
]

[[package]]
name = "isort"
version = "5.13.2"
source = { registry = "https://pypi.org/simple" }
sdist = { url = "https://files.pythonhosted.org/packages/87/f9/c1eb8635a24e87ade2efce21e3ce8cd6b8630bb685ddc9cdaca1349b2eb5/isort-5.13.2.tar.gz", hash = "sha256:48fdfcb9face5d58a4f6dde2e72a1fb8dcaf8ab26f95ab49fab84c2ddefb0109", size = 175303 }
wheels = [
    { url = "https://files.pythonhosted.org/packages/d1/b3/8def84f539e7d2289a02f0524b944b15d7c75dab7628bedf1c4f0992029c/isort-5.13.2-py3-none-any.whl", hash = "sha256:8ca5e72a8d85860d5a3fa69b8745237f2939afe12dbf656afbcb47fe72d947a6", size = 92310 },
]

[[package]]
name = "mccabe"
version = "0.7.0"
source = { registry = "https://pypi.org/simple" }
sdist = { url = "https://files.pythonhosted.org/packages/e7/ff/0ffefdcac38932a54d2b5eed4e0ba8a408f215002cd178ad1df0f2806ff8/mccabe-0.7.0.tar.gz", hash = "sha256:348e0240c33b60bbdf4e523192ef919f28cb2c3d7d5c7794f74009290f236325", size = 9658 }
wheels = [
    { url = "https://files.pythonhosted.org/packages/27/1a/1f68f9ba0c207934b35b86a8ca3aad8395a3d6dd7921c0686e23853ff5a9/mccabe-0.7.0-py2.py3-none-any.whl", hash = "sha256:6c2d30ab6be0e4a46919781807b4f0d834ebdd6c6e3dca0bda5a15f863427b6e", size = 7350 },
]

[[package]]
name = "mypy"
version = "1.13.0"
source = { registry = "https://pypi.org/simple" }
dependencies = [
    { name = "mypy-extensions" },
    { name = "tomli", marker = "python_full_version < '3.11'" },
    { name = "typing-extensions" },
]
sdist = { url = "https://files.pythonhosted.org/packages/e8/21/7e9e523537991d145ab8a0a2fd98548d67646dc2aaaf6091c31ad883e7c1/mypy-1.13.0.tar.gz", hash = "sha256:0291a61b6fbf3e6673e3405cfcc0e7650bebc7939659fdca2702958038bd835e", size = 3152532 }
wheels = [
    { url = "https://files.pythonhosted.org/packages/5e/8c/206de95a27722b5b5a8c85ba3100467bd86299d92a4f71c6b9aa448bfa2f/mypy-1.13.0-cp310-cp310-macosx_10_9_x86_64.whl", hash = "sha256:6607e0f1dd1fb7f0aca14d936d13fd19eba5e17e1cd2a14f808fa5f8f6d8f60a", size = 11020731 },
    { url = "https://files.pythonhosted.org/packages/ab/bb/b31695a29eea76b1569fd28b4ab141a1adc9842edde080d1e8e1776862c7/mypy-1.13.0-cp310-cp310-macosx_11_0_arm64.whl", hash = "sha256:8a21be69bd26fa81b1f80a61ee7ab05b076c674d9b18fb56239d72e21d9f4c80", size = 10184276 },
    { url = "https://files.pythonhosted.org/packages/a5/2d/4a23849729bb27934a0e079c9c1aad912167d875c7b070382a408d459651/mypy-1.13.0-cp310-cp310-manylinux_2_17_x86_64.manylinux2014_x86_64.manylinux_2_28_x86_64.whl", hash = "sha256:7b2353a44d2179846a096e25691d54d59904559f4232519d420d64da6828a3a7", size = 12587706 },
    { url = "https://files.pythonhosted.org/packages/5c/c3/d318e38ada50255e22e23353a469c791379825240e71b0ad03e76ca07ae6/mypy-1.13.0-cp310-cp310-musllinux_1_1_x86_64.whl", hash = "sha256:0730d1c6a2739d4511dc4253f8274cdd140c55c32dfb0a4cf8b7a43f40abfa6f", size = 13105586 },
    { url = "https://files.pythonhosted.org/packages/4a/25/3918bc64952370c3dbdbd8c82c363804678127815febd2925b7273d9482c/mypy-1.13.0-cp310-cp310-win_amd64.whl", hash = "sha256:c5fc54dbb712ff5e5a0fca797e6e0aa25726c7e72c6a5850cfd2adbc1eb0a372", size = 9632318 },
    { url = "https://files.pythonhosted.org/packages/d0/19/de0822609e5b93d02579075248c7aa6ceaddcea92f00bf4ea8e4c22e3598/mypy-1.13.0-cp311-cp311-macosx_10_9_x86_64.whl", hash = "sha256:581665e6f3a8a9078f28d5502f4c334c0c8d802ef55ea0e7276a6e409bc0d82d", size = 10939027 },
    { url = "https://files.pythonhosted.org/packages/c8/71/6950fcc6ca84179137e4cbf7cf41e6b68b4a339a1f5d3e954f8c34e02d66/mypy-1.13.0-cp311-cp311-macosx_11_0_arm64.whl", hash = "sha256:3ddb5b9bf82e05cc9a627e84707b528e5c7caaa1c55c69e175abb15a761cec2d", size = 10108699 },
    { url = "https://files.pythonhosted.org/packages/26/50/29d3e7dd166e74dc13d46050b23f7d6d7533acf48f5217663a3719db024e/mypy-1.13.0-cp311-cp311-manylinux_2_17_x86_64.manylinux2014_x86_64.manylinux_2_28_x86_64.whl", hash = "sha256:20c7ee0bc0d5a9595c46f38beb04201f2620065a93755704e141fcac9f59db2b", size = 12506263 },
    { url = "https://files.pythonhosted.org/packages/3f/1d/676e76f07f7d5ddcd4227af3938a9c9640f293b7d8a44dd4ff41d4db25c1/mypy-1.13.0-cp311-cp311-musllinux_1_1_x86_64.whl", hash = "sha256:3790ded76f0b34bc9c8ba4def8f919dd6a46db0f5a6610fb994fe8efdd447f73", size = 12984688 },
    { url = "https://files.pythonhosted.org/packages/9c/03/5a85a30ae5407b1d28fab51bd3e2103e52ad0918d1e68f02a7778669a307/mypy-1.13.0-cp311-cp311-win_amd64.whl", hash = "sha256:51f869f4b6b538229c1d1bcc1dd7d119817206e2bc54e8e374b3dfa202defcca", size = 9626811 },
    { url = "https://files.pythonhosted.org/packages/fb/31/c526a7bd2e5c710ae47717c7a5f53f616db6d9097caf48ad650581e81748/mypy-1.13.0-cp312-cp312-macosx_10_13_x86_64.whl", hash = "sha256:5c7051a3461ae84dfb5dd15eff5094640c61c5f22257c8b766794e6dd85e72d5", size = 11077900 },
    { url = "https://files.pythonhosted.org/packages/83/67/b7419c6b503679d10bd26fc67529bc6a1f7a5f220bbb9f292dc10d33352f/mypy-1.13.0-cp312-cp312-macosx_11_0_arm64.whl", hash = "sha256:39bb21c69a5d6342f4ce526e4584bc5c197fd20a60d14a8624d8743fffb9472e", size = 10074818 },
    { url = "https://files.pythonhosted.org/packages/ba/07/37d67048786ae84e6612575e173d713c9a05d0ae495dde1e68d972207d98/mypy-1.13.0-cp312-cp312-manylinux_2_17_x86_64.manylinux2014_x86_64.manylinux_2_28_x86_64.whl", hash = "sha256:164f28cb9d6367439031f4c81e84d3ccaa1e19232d9d05d37cb0bd880d3f93c2", size = 12589275 },
    { url = "https://files.pythonhosted.org/packages/1f/17/b1018c6bb3e9f1ce3956722b3bf91bff86c1cefccca71cec05eae49d6d41/mypy-1.13.0-cp312-cp312-musllinux_1_1_x86_64.whl", hash = "sha256:a4c1bfcdbce96ff5d96fc9b08e3831acb30dc44ab02671eca5953eadad07d6d0", size = 13037783 },
    { url = "https://files.pythonhosted.org/packages/cb/32/cd540755579e54a88099aee0287086d996f5a24281a673f78a0e14dba150/mypy-1.13.0-cp312-cp312-win_amd64.whl", hash = "sha256:a0affb3a79a256b4183ba09811e3577c5163ed06685e4d4b46429a271ba174d2", size = 9726197 },
    { url = "https://files.pythonhosted.org/packages/11/bb/ab4cfdc562cad80418f077d8be9b4491ee4fb257440da951b85cbb0a639e/mypy-1.13.0-cp313-cp313-macosx_10_13_x86_64.whl", hash = "sha256:a7b44178c9760ce1a43f544e595d35ed61ac2c3de306599fa59b38a6048e1aa7", size = 11069721 },
    { url = "https://files.pythonhosted.org/packages/59/3b/a393b1607cb749ea2c621def5ba8c58308ff05e30d9dbdc7c15028bca111/mypy-1.13.0-cp313-cp313-macosx_11_0_arm64.whl", hash = "sha256:5d5092efb8516d08440e36626f0153b5006d4088c1d663d88bf79625af3d1d62", size = 10063996 },
    { url = "https://files.pythonhosted.org/packages/d1/1f/6b76be289a5a521bb1caedc1f08e76ff17ab59061007f201a8a18cc514d1/mypy-1.13.0-cp313-cp313-manylinux_2_17_x86_64.manylinux2014_x86_64.manylinux_2_28_x86_64.whl", hash = "sha256:de2904956dac40ced10931ac967ae63c5089bd498542194b436eb097a9f77bc8", size = 12584043 },
    { url = "https://files.pythonhosted.org/packages/a6/83/5a85c9a5976c6f96e3a5a7591aa28b4a6ca3a07e9e5ba0cec090c8b596d6/mypy-1.13.0-cp313-cp313-musllinux_1_1_x86_64.whl", hash = "sha256:7bfd8836970d33c2105562650656b6846149374dc8ed77d98424b40b09340ba7", size = 13036996 },
    { url = "https://files.pythonhosted.org/packages/b4/59/c39a6f752f1f893fccbcf1bdd2aca67c79c842402b5283563d006a67cf76/mypy-1.13.0-cp313-cp313-win_amd64.whl", hash = "sha256:9f73dba9ec77acb86457a8fc04b5239822df0c14a082564737833d2963677dbc", size = 9737709 },
    { url = "https://files.pythonhosted.org/packages/5e/2a/13e9ad339131c0fba5c70584f639005a47088f5eed77081a3d00479df0ca/mypy-1.13.0-cp38-cp38-macosx_10_9_x86_64.whl", hash = "sha256:100fac22ce82925f676a734af0db922ecfea991e1d7ec0ceb1e115ebe501301a", size = 10955147 },
    { url = "https://files.pythonhosted.org/packages/94/39/02929067dc16b72d78109195cfed349ac4ec85f3d52517ac62b9a5263685/mypy-1.13.0-cp38-cp38-macosx_11_0_arm64.whl", hash = "sha256:7bcb0bb7f42a978bb323a7c88f1081d1b5dee77ca86f4100735a6f541299d8fb", size = 10138373 },
    { url = "https://files.pythonhosted.org/packages/4a/cc/066709bb01734e3dbbd1375749f8789bf9693f8b842344fc0cf52109694f/mypy-1.13.0-cp38-cp38-manylinux_2_17_x86_64.manylinux2014_x86_64.manylinux_2_28_x86_64.whl", hash = "sha256:bde31fc887c213e223bbfc34328070996061b0833b0a4cfec53745ed61f3519b", size = 12543621 },
    { url = "https://files.pythonhosted.org/packages/f5/a2/124df839025348c7b9877d0ce134832a9249968e3ab36bb826bab0e9a1cf/mypy-1.13.0-cp38-cp38-musllinux_1_1_x86_64.whl", hash = "sha256:07de989f89786f62b937851295ed62e51774722e5444a27cecca993fc3f9cd74", size = 13050348 },
    { url = "https://files.pythonhosted.org/packages/45/86/cc94b1e7f7e756a63043cf425c24fb7470013ee1c032180282db75b1b335/mypy-1.13.0-cp38-cp38-win_amd64.whl", hash = "sha256:4bde84334fbe19bad704b3f5b78c4abd35ff1026f8ba72b29de70dda0916beb6", size = 9615311 },
    { url = "https://files.pythonhosted.org/packages/5f/d4/b33ddd40dad230efb317898a2d1c267c04edba73bc5086bf77edeb410fb2/mypy-1.13.0-cp39-cp39-macosx_10_9_x86_64.whl", hash = "sha256:0246bcb1b5de7f08f2826451abd947bf656945209b140d16ed317f65a17dc7dc", size = 11013906 },
    { url = "https://files.pythonhosted.org/packages/f4/e6/f414bca465b44d01cd5f4a82761e15044bedd1bf8025c5af3cc64518fac5/mypy-1.13.0-cp39-cp39-macosx_11_0_arm64.whl", hash = "sha256:7f5b7deae912cf8b77e990b9280f170381fdfbddf61b4ef80927edd813163732", size = 10180657 },
    { url = "https://files.pythonhosted.org/packages/38/e9/fc3865e417722f98d58409770be01afb961e2c1f99930659ff4ae7ca8b7e/mypy-1.13.0-cp39-cp39-manylinux_2_17_x86_64.manylinux2014_x86_64.manylinux_2_28_x86_64.whl", hash = "sha256:7029881ec6ffb8bc233a4fa364736789582c738217b133f1b55967115288a2bc", size = 12586394 },
    { url = "https://files.pythonhosted.org/packages/2e/35/f4d8b6d2cb0b3dad63e96caf159419dda023f45a358c6c9ac582ccaee354/mypy-1.13.0-cp39-cp39-musllinux_1_1_x86_64.whl", hash = "sha256:3e38b980e5681f28f033f3be86b099a247b13c491f14bb8b1e1e134d23bb599d", size = 13103591 },
    { url = "https://files.pythonhosted.org/packages/22/1d/80594aef135f921dd52e142fa0acd19df197690bd0cde42cea7b88cf5aa2/mypy-1.13.0-cp39-cp39-win_amd64.whl", hash = "sha256:a6789be98a2017c912ae6ccb77ea553bbaf13d27605d2ca20a76dfbced631b24", size = 9634690 },
    { url = "https://files.pythonhosted.org/packages/3b/86/72ce7f57431d87a7ff17d442f521146a6585019eb8f4f31b7c02801f78ad/mypy-1.13.0-py3-none-any.whl", hash = "sha256:9c250883f9fd81d212e0952c92dbfcc96fc237f4b7c92f56ac81fd48460b3e5a", size = 2647043 },
]

[[package]]
name = "mypy-extensions"
version = "1.0.0"
source = { registry = "https://pypi.org/simple" }
sdist = { url = "https://files.pythonhosted.org/packages/98/a4/1ab47638b92648243faf97a5aeb6ea83059cc3624972ab6b8d2316078d3f/mypy_extensions-1.0.0.tar.gz", hash = "sha256:75dbf8955dc00442a438fc4d0666508a9a97b6bd41aa2f0ffe9d2f2725af0782", size = 4433 }
wheels = [
    { url = "https://files.pythonhosted.org/packages/2a/e2/5d3f6ada4297caebe1a2add3b126fe800c96f56dbe5d1988a2cbe0b267aa/mypy_extensions-1.0.0-py3-none-any.whl", hash = "sha256:4392f6c0eb8a5668a69e23d168ffa70f0be9ccfd32b5cc2d26a34ae5b844552d", size = 4695 },
]

[[package]]
name = "pip"
version = "24.3.1"
source = { registry = "https://pypi.org/simple" }
sdist = { url = "https://files.pythonhosted.org/packages/f4/b1/b422acd212ad7eedddaf7981eee6e5de085154ff726459cf2da7c5a184c1/pip-24.3.1.tar.gz", hash = "sha256:ebcb60557f2aefabc2e0f918751cd24ea0d56d8ec5445fe1807f1d2109660b99", size = 1931073 }
wheels = [
    { url = "https://files.pythonhosted.org/packages/ef/7d/500c9ad20238fcfcb4cb9243eede163594d7020ce87bd9610c9e02771876/pip-24.3.1-py3-none-any.whl", hash = "sha256:3790624780082365f47549d032f3770eeb2b1e8bd1f7b2e02dace1afa361b4ed", size = 1822182 },
]

[[package]]
name = "platformdirs"
version = "4.3.6"
source = { registry = "https://pypi.org/simple" }
sdist = { url = "https://files.pythonhosted.org/packages/13/fc/128cc9cb8f03208bdbf93d3aa862e16d376844a14f9a0ce5cf4507372de4/platformdirs-4.3.6.tar.gz", hash = "sha256:357fb2acbc885b0419afd3ce3ed34564c13c9b95c89360cd9563f73aa5e2b907", size = 21302 }
wheels = [
    { url = "https://files.pythonhosted.org/packages/3c/a6/bc1012356d8ece4d66dd75c4b9fc6c1f6650ddd5991e421177d9f8f671be/platformdirs-4.3.6-py3-none-any.whl", hash = "sha256:73e575e1408ab8103900836b97580d5307456908a03e92031bab39e4554cc3fb", size = 18439 },
]

[[package]]
name = "pyfloyd"
version = "0.18.4.dev0"
source = { editable = "." }

[package.optional-dependencies]
dev = [
    { name = "coverage" },
    { name = "mypy" },
    { name = "pip" },
    { name = "pylint" },
    { name = "ruff" },
    { name = "uv" },
]

[package.metadata]
requires-dist = [
    { name = "coverage", marker = "extra == 'dev'", specifier = "==7.5.3" },
    { name = "mypy", marker = "extra == 'dev'", specifier = "==1.13.0" },
    { name = "pip", marker = "extra == 'dev'", specifier = "==24.3.1" },
    { name = "pylint", marker = "extra == 'dev'", specifier = "==3.2.3" },
    { name = "ruff", marker = "extra == 'dev'", specifier = "==0.7.3" },
    { name = "uv", marker = "extra == 'dev'", specifier = "==0.5.1" },
]

[[package]]
name = "pylint"
version = "3.2.3"
source = { registry = "https://pypi.org/simple" }
dependencies = [
    { name = "astroid" },
    { name = "colorama", marker = "sys_platform == 'win32'" },
    { name = "dill" },
    { name = "isort" },
    { name = "mccabe" },
    { name = "platformdirs" },
    { name = "tomli", marker = "python_full_version < '3.11'" },
    { name = "tomlkit" },
    { name = "typing-extensions", marker = "python_full_version < '3.10'" },
]
sdist = { url = "https://files.pythonhosted.org/packages/9a/e9/60280b14cc1012794120345ce378504cf17409e38cd88f455dc24e0ad6b5/pylint-3.2.3.tar.gz", hash = "sha256:02f6c562b215582386068d52a30f520d84fdbcf2a95fc7e855b816060d048b60", size = 1506739 }
wheels = [
    { url = "https://files.pythonhosted.org/packages/50/d3/d346f779cbc9384d8b805a7557b5f2b8ee9f842bffebec9fc6364d6ae183/pylint-3.2.3-py3-none-any.whl", hash = "sha256:b3d7d2708a3e04b4679e02d99e72329a8b7ee8afb8d04110682278781f889fa8", size = 519244 },
]

[[package]]
name = "ruff"
version = "0.7.3"
source = { registry = "https://pypi.org/simple" }
sdist = { url = "https://files.pythonhosted.org/packages/4b/06/09d1276df977eece383d0ed66052fc24ec4550a61f8fbc0a11200e690496/ruff-0.7.3.tar.gz", hash = "sha256:e1d1ba2e40b6e71a61b063354d04be669ab0d39c352461f3d789cac68b54a313", size = 3243664 }
wheels = [
    { url = "https://files.pythonhosted.org/packages/c0/56/933d433c2489e4642487b835f53dd9ff015fb3d8fa459b09bb2ce42d7c4b/ruff-0.7.3-py3-none-linux_armv6l.whl", hash = "sha256:34f2339dc22687ec7e7002792d1f50712bf84a13d5152e75712ac08be565d344", size = 10372090 },
    { url = "https://files.pythonhosted.org/packages/20/ea/1f0a22a6bcdd3fc26c73f63a025d05bd565901b729d56bcb093c722a6c4c/ruff-0.7.3-py3-none-macosx_10_12_x86_64.whl", hash = "sha256:fb397332a1879b9764a3455a0bb1087bda876c2db8aca3a3cbb67b3dbce8cda0", size = 10190037 },
    { url = "https://files.pythonhosted.org/packages/16/74/aca75666e0d481fe394e76a8647c44ea919087748024924baa1a17371e3e/ruff-0.7.3-py3-none-macosx_11_0_arm64.whl", hash = "sha256:37d0b619546103274e7f62643d14e1adcbccb242efda4e4bdb9544d7764782e9", size = 9811998 },
    { url = "https://files.pythonhosted.org/packages/20/a1/cf446a0d7f78ea1f0bd2b9171c11dfe746585c0c4a734b25966121eb4f5d/ruff-0.7.3-py3-none-manylinux_2_17_aarch64.manylinux2014_aarch64.whl", hash = "sha256:5d59f0c3ee4d1a6787614e7135b72e21024875266101142a09a61439cb6e38a5", size = 10620626 },
    { url = "https://files.pythonhosted.org/packages/cd/c1/82b27d09286ae855f5d03b1ad37cf243f21eb0081732d4d7b0d658d439cb/ruff-0.7.3-py3-none-manylinux_2_17_armv7l.manylinux2014_armv7l.whl", hash = "sha256:44eb93c2499a169d49fafd07bc62ac89b1bc800b197e50ff4633aed212569299", size = 10177598 },
    { url = "https://files.pythonhosted.org/packages/b9/42/c0acac22753bf74013d035a5ef6c5c4c40ad4d6686bfb3fda7c6f37d9b37/ruff-0.7.3-py3-none-manylinux_2_17_i686.manylinux2014_i686.whl", hash = "sha256:6d0242ce53f3a576c35ee32d907475a8d569944c0407f91d207c8af5be5dae4e", size = 11171963 },
    { url = "https://files.pythonhosted.org/packages/43/18/bb0befb7fb9121dd9009e6a72eb98e24f1bacb07c6f3ecb55f032ba98aed/ruff-0.7.3-py3-none-manylinux_2_17_ppc64.manylinux2014_ppc64.whl", hash = "sha256:6b6224af8b5e09772c2ecb8dc9f3f344c1aa48201c7f07e7315367f6dd90ac29", size = 11856157 },
    { url = "https://files.pythonhosted.org/packages/5e/91/04e98d7d6e32eca9d1372be595f9abc7b7f048795e32eb2edbd8794d50bd/ruff-0.7.3-py3-none-manylinux_2_17_ppc64le.manylinux2014_ppc64le.whl", hash = "sha256:c50f95a82b94421c964fae4c27c0242890a20fe67d203d127e84fbb8013855f5", size = 11440331 },
    { url = "https://files.pythonhosted.org/packages/f5/dc/3fe99f2ce10b76d389041a1b9f99e7066332e479435d4bebcceea16caff5/ruff-0.7.3-py3-none-manylinux_2_17_s390x.manylinux2014_s390x.whl", hash = "sha256:7f3eff9961b5d2644bcf1616c606e93baa2d6b349e8aa8b035f654df252c8c67", size = 12725354 },
    { url = "https://files.pythonhosted.org/packages/43/7b/1daa712de1c5bc6cbbf9fa60e9c41cc48cda962dc6d2c4f2a224d2c3007e/ruff-0.7.3-py3-none-manylinux_2_17_x86_64.manylinux2014_x86_64.whl", hash = "sha256:b8963cab06d130c4df2fd52c84e9f10d297826d2e8169ae0c798b6221be1d1d2", size = 11010091 },
    { url = "https://files.pythonhosted.org/packages/b6/db/1227a903587432eb569e57a95b15a4f191a71fe315cde4c0312df7bc85da/ruff-0.7.3-py3-none-musllinux_1_2_aarch64.whl", hash = "sha256:61b46049d6edc0e4317fb14b33bd693245281a3007288b68a3f5b74a22a0746d", size = 10610687 },
    { url = "https://files.pythonhosted.org/packages/db/e2/dc41ee90c3085aadad4da614d310d834f641aaafddf3dfbba08210c616ce/ruff-0.7.3-py3-none-musllinux_1_2_armv7l.whl", hash = "sha256:10ebce7696afe4644e8c1a23b3cf8c0f2193a310c18387c06e583ae9ef284de2", size = 10254843 },
    { url = "https://files.pythonhosted.org/packages/6f/09/5f6cac1c91542bc5bd33d40b4c13b637bf64d7bb29e091dadb01b62527fe/ruff-0.7.3-py3-none-musllinux_1_2_i686.whl", hash = "sha256:3f36d56326b3aef8eeee150b700e519880d1aab92f471eefdef656fd57492aa2", size = 10730962 },
    { url = "https://files.pythonhosted.org/packages/d3/42/89a4b9a24ef7d00269e24086c417a006f9a3ffeac2c80f2629eb5ce140ee/ruff-0.7.3-py3-none-musllinux_1_2_x86_64.whl", hash = "sha256:5d024301109a0007b78d57ab0ba190087b43dce852e552734ebf0b0b85e4fb16", size = 11101907 },
    { url = "https://files.pythonhosted.org/packages/b0/5c/efdb4777686683a8edce94ffd812783bddcd3d2454d38c5ac193fef7c500/ruff-0.7.3-py3-none-win32.whl", hash = "sha256:4ba81a5f0c5478aa61674c5a2194de8b02652f17addf8dfc40c8937e6e7d79fc", size = 8611095 },
    { url = "https://files.pythonhosted.org/packages/bb/b8/28fbc6a4efa50178f973972d1c84b2d0a33cdc731588522ab751ac3da2f5/ruff-0.7.3-py3-none-win_amd64.whl", hash = "sha256:588a9ff2fecf01025ed065fe28809cd5a53b43505f48b69a1ac7707b1b7e4088", size = 9418283 },
    { url = "https://files.pythonhosted.org/packages/3f/77/b587cba6febd5e2003374f37eb89633f79f161e71084f94057c8653b7fb3/ruff-0.7.3-py3-none-win_arm64.whl", hash = "sha256:1713e2c5545863cdbfe2cbce21f69ffaf37b813bfd1fb3b90dc9a6f1963f5a8c", size = 8725228 },
]

[[package]]
name = "tomli"
version = "2.1.0"
source = { registry = "https://pypi.org/simple" }
sdist = { url = "https://files.pythonhosted.org/packages/1e/e4/1b6cbcc82d8832dd0ce34767d5c560df8a3547ad8cbc427f34601415930a/tomli-2.1.0.tar.gz", hash = "sha256:3f646cae2aec94e17d04973e4249548320197cfabdf130015d023de4b74d8ab8", size = 16622 }
wheels = [
    { url = "https://files.pythonhosted.org/packages/de/f7/4da0ffe1892122c9ea096c57f64c2753ae5dd3ce85488802d11b0992cc6d/tomli-2.1.0-py3-none-any.whl", hash = "sha256:a5c57c3d1c56f5ccdf89f6523458f60ef716e210fc47c4cfb188c5ba473e0391", size = 13750 },
]

[[package]]
name = "tomlkit"
version = "0.13.2"
source = { registry = "https://pypi.org/simple" }
sdist = { url = "https://files.pythonhosted.org/packages/b1/09/a439bec5888f00a54b8b9f05fa94d7f901d6735ef4e55dcec9bc37b5d8fa/tomlkit-0.13.2.tar.gz", hash = "sha256:fff5fe59a87295b278abd31bec92c15d9bc4a06885ab12bcea52c71119392e79", size = 192885 }
wheels = [
    { url = "https://files.pythonhosted.org/packages/f9/b6/a447b5e4ec71e13871be01ba81f5dfc9d0af7e473da256ff46bc0e24026f/tomlkit-0.13.2-py3-none-any.whl", hash = "sha256:7a974427f6e119197f670fbbbeae7bef749a6c14e793db934baefc1b5f03efde", size = 37955 },
]

[[package]]
name = "typing-extensions"
version = "4.12.2"
source = { registry = "https://pypi.org/simple" }
sdist = { url = "https://files.pythonhosted.org/packages/df/db/f35a00659bc03fec321ba8bce9420de607a1d37f8342eee1863174c69557/typing_extensions-4.12.2.tar.gz", hash = "sha256:1a7ead55c7e559dd4dee8856e3a88b41225abfe1ce8df57b7c13915fe121ffb8", size = 85321 }
wheels = [
    { url = "https://files.pythonhosted.org/packages/26/9f/ad63fc0248c5379346306f8668cda6e2e2e9c95e01216d2b8ffd9ff037d0/typing_extensions-4.12.2-py3-none-any.whl", hash = "sha256:04e5ca0351e0f3f85c6853954072df659d0d13fac324d0072316b67d7794700d", size = 37438 },
]

[[package]]
name = "uv"
version = "0.5.1"
source = { registry = "https://pypi.org/simple" }
sdist = { url = "https://files.pythonhosted.org/packages/d2/ec/c05991014f8208c1f3556d7dfc96ef5a6b7da6062e489718f3a0f9a74fb8/uv-0.5.1.tar.gz", hash = "sha256:ad2dd8a994a8334a5d4b354589be4b8c4b3b2ebb7bb2f2976c8e21d2799f45a9", size = 2131866 }
wheels = [
    { url = "https://files.pythonhosted.org/packages/ba/33/9183528527cb8532369b678e1d12fb97e3777fed875f1d7ea6c75c570f64/uv-0.5.1-py3-none-linux_armv6l.whl", hash = "sha256:93f0a02ea9149f4e7e359ef92da6f221da2ecf458cda2af729a1f6fa8c3ed1d2", size = 13504611 },
    { url = "https://files.pythonhosted.org/packages/6b/23/f0f8234624f720b5a856800d85a2220405182cfd798eefbda8b7868f9c4d/uv-0.5.1-py3-none-macosx_10_12_x86_64.whl", hash = "sha256:f66859e67d10ffff8b17c67c7ede207d67487cef20c3d17bc427b690f9dff795", size = 13482839 },
    { url = "https://files.pythonhosted.org/packages/a7/ef/375bb00fa3e73cbb29ffd1d2a0cea3a52b4c0e67f68bce646a9ed0539f18/uv-0.5.1-py3-none-macosx_11_0_arm64.whl", hash = "sha256:c4d209164448c8529e21aca4ef1e3da94303b1bf726924786feffd87ed93ab4a", size = 12503012 },
    { url = "https://files.pythonhosted.org/packages/88/f1/244f0f5e0afdc86de3c12c62c51f594a8b900d8ae1bf7cc64d9d92147199/uv-0.5.1-py3-none-manylinux_2_17_aarch64.manylinux2014_aarch64.musllinux_1_1_aarch64.whl", hash = "sha256:6ec61220d883751777cbabf0b076607cfbdeb812bc52c28722e897271461e589", size = 12787137 },
    { url = "https://files.pythonhosted.org/packages/86/fc/74a2fbfb9fc5c1772c0f85718da3e79a05aa3bdd5db1d83851f33e119e01/uv-0.5.1-py3-none-manylinux_2_17_armv7l.manylinux2014_armv7l.whl", hash = "sha256:73853b98bce9e118cda2d64360ddd7e0f79e237aca8cd2f28b6d5679400b239e", size = 13300628 },
    { url = "https://files.pythonhosted.org/packages/0f/81/0c08c94a9c9f27adc11fd9c3f55d6244c3066cbdea1a9c636fcc1bf45d53/uv-0.5.1-py3-none-manylinux_2_17_i686.manylinux2014_i686.whl", hash = "sha256:8dce5b6d6dea41db71fe8d9895167cc5abf3e7b28c016174b1b9a9aecb74d483", size = 13874679 },
    { url = "https://files.pythonhosted.org/packages/eb/8c/2b3c642d71f18eff826a74329b23a269f2962b52d251854b645c98121e15/uv-0.5.1-py3-none-manylinux_2_17_ppc64.manylinux2014_ppc64.whl", hash = "sha256:aaa63053ff6dc4456e2ac2a9b6a8eda0cfaa1e0f861633d9e7315c7df9a0a525", size = 14437581 },
    { url = "https://files.pythonhosted.org/packages/9e/65/bae32b05056ba6b5441a491ce17c8216ec92cfade62a7b44702758689646/uv-0.5.1-py3-none-manylinux_2_17_ppc64le.manylinux2014_ppc64le.whl", hash = "sha256:ac3fce68002e79f3c070f3e7d914e992f205f05af00bfffbe6c44d37aa39c86a", size = 14164878 },
    { url = "https://files.pythonhosted.org/packages/51/1a/38edd7edf8fc73d1db87130f4ac62f2381166fabcc36288b63d82e43373c/uv-0.5.1-py3-none-manylinux_2_17_s390x.manylinux2014_s390x.whl", hash = "sha256:72b54a3308e13a81aa2df19baea40611fc344c7556f75d2113f9b9b5a894355e", size = 18438644 },
    { url = "https://files.pythonhosted.org/packages/be/24/b2f69c0adb60d4c5d3c5413454ab869ed275db52da4be02eaa9d1a149191/uv-0.5.1-py3-none-manylinux_2_17_x86_64.manylinux2014_x86_64.whl", hash = "sha256:4d1ec4a1bc19b523a84fc1bf2a92e9c4d982c831d3da450af71fc3057999d456", size = 13988358 },
    { url = "https://files.pythonhosted.org/packages/43/80/1d887496fa3f2853dd670e43da90ee6efa8e020c82e3a1e2b41c19006d9d/uv-0.5.1-py3-none-manylinux_2_28_aarch64.whl", hash = "sha256:01c40f756e9536c05fdf3485c1dfe3da610c3169195bbe20fab03a4c4b7a0d98", size = 12970766 },
    { url = "https://files.pythonhosted.org/packages/11/0c/5ba7bf4b5ca478cf8c9d660d7baa977af1cd3dda2981f20d0c8e436a48f2/uv-0.5.1-py3-none-musllinux_1_1_armv7l.whl", hash = "sha256:3db7513c804fb89dcde671ba917cc486cfb574408d6257e19b19ae6b55f5982f", size = 13274891 },
    { url = "https://files.pythonhosted.org/packages/28/08/1ad7ef9ffd0f3c534cbcad47b57afdb785143ec46973faecc5c90de33025/uv-0.5.1-py3-none-musllinux_1_1_i686.whl", hash = "sha256:4601d40b0c02aff9fb791efa5b6f4c7dbad0970e13ac679aa8fb07365f331354", size = 13609667 },
    { url = "https://files.pythonhosted.org/packages/fc/e5/56d1457ac76bedce375c1adbfebeb281d94a24d35463350c7fc40f9413b8/uv-0.5.1-py3-none-musllinux_1_1_ppc64le.whl", hash = "sha256:821b6a9d591d3e951fbe81c53d32499d11500100d66b1c119e183f3d4a6cd07c", size = 15349628 },
    { url = "https://files.pythonhosted.org/packages/c5/0a/956467ee8bfa59f698f384eef6e072b14b971d36b7ee6d9b8ed15cfed065/uv-0.5.1-py3-none-musllinux_1_1_x86_64.whl", hash = "sha256:6a76765c3cc49268f3c6773bd89a0dacf8a91b040fc3faea6c527ef6f2308eba", size = 14110649 },
    { url = "https://files.pythonhosted.org/packages/5e/94/d7546d96c0e447f56817be2210c4a9d75817d1072e526aaaf17f0dd59a3e/uv-0.5.1-py3-none-win32.whl", hash = "sha256:3ffb230be0f6552576da67a2737a32a6a640e4b3f42144088222a669802d7f10", size = 13423908 },
    { url = "https://files.pythonhosted.org/packages/8c/b2/ac107886f60081f6cd2295c9faf3c312a02c5aca87e8c0b7589340a58224/uv-0.5.1-py3-none-win_amd64.whl", hash = "sha256:922685dcaa1c9b6663649b379f9bdbe5b87af230f512e69398efc51bd9d8b8eb", size = 15169543 },
]
